{
    "_meta": {
        "hash": {
            "sha256": "427f3cf7f46a11a9113ee0922e94be444ad51532e0f3fb087859247a0f84075f"
        },
        "pipfile-spec": 6,
        "requires": {
            "python_version": "3.10"
        },
        "sources": [
            {
                "name": "pip_conf_index_global",
                "url": "https://pypi.tuna.tsinghua.edu.cn/simple",
                "verify_ssl": true
            }
        ]
    },
    "default": {},
    "develop": {}
}
